
Microsoft Visual Studio Solution File, Format Version 12.00
# Visual Studio Version 17
VisualStudioVersion = 17.11.35303.130
MinimumVisualStudioVersion = 10.0.40219.1
Project("{2150E333-8FDC-42A3-9474-1A3956D46DE8}") = "Task0", "Task0", "{1DEBF4CD-7E7C-43A8-B2EA-AF8E88020B5C}"
EndProject
Project("{9A19103F-16F7-4668-BE54-9A1E7A4F7556}") = "Tyuiu.BerestenDS.Sprint3.Task0.V18", "Tyuiu.BerestenDS.Sprint3.Task0.V18\Tyuiu.BerestenDS.Sprint3.Task0.V18.csproj", "{485E7952-4931-462C-892F-9F7E4B2A94FF}"
EndProject
Project("{9A19103F-16F7-4668-BE54-9A1E7A4F7556}") = "Tyuiu.BerestenDS.Sprint3.Task0.V18.Lib", "Tyuiu.BerestenDS.Sprint3.Task0.V18.Lib\Tyuiu.BerestenDS.Sprint3.Task0.V18.Lib.csproj", "{2173ACF3-5C45-4CA0-A415-1672A4BC4297}"
EndProject
Project("{9A19103F-16F7-4668-BE54-9A1E7A4F7556}") = "Tyuiu.BerestenDS.Sprint3.Task0.V18.Test", "Tyuiu.BerestenDS.Sprint3.Task0.V18.Test\Tyuiu.BerestenDS.Sprint3.Task0.V18.Test.csproj", "{5F1ADDB8-D3B2-4F3E-B050-5BC77B3CA313}"
EndProject
Project("{2150E333-8FDC-42A3-9474-1A3956D46DE8}") = "Task1", "Task1", "{E070AD1A-D628-450A-8C83-A3765CA75368}"
EndProject
Project("{9A19103F-16F7-4668-BE54-9A1E7A4F7556}") = "Tyuiu.BerestenDS.Sprint3.Task1.V3", "Tyuiu.BerestenDS.Sprint3.Task1.V3\Tyuiu.BerestenDS.Sprint3.Task1.V3.csproj", "{D1C815F4-3EB3-446C-8379-1EE687FACD51}"
EndProject
Project("{9A19103F-16F7-4668-BE54-9A1E7A4F7556}") = "Tyuiu.BerestenDS.Sprint3.Task1.V3.Lib", "Tyuiu.BerestenDS.Sprint3.Task1.V3.Lib\Tyuiu.BerestenDS.Sprint3.Task1.V3.Lib.csproj", "{CF79EE3A-E300-4C2E-8415-5997B05C8923}"
EndProject
Project("{9A19103F-16F7-4668-BE54-9A1E7A4F7556}") = "Tyuiu.BerestenDS.Sprint3.Task1.V3.Test", "Tyuiu.BerestenDS.Sprint3.Task1.V3.Test\Tyuiu.BerestenDS.Sprint3.Task1.V3.Test.csproj", "{CE4D1AC6-3995-48B3-98D1-C3032666FA6C}"
EndProject
Project("{2150E333-8FDC-42A3-9474-1A3956D46DE8}") = "Task2", "Task2", "{EAA52AC9-225E-44F9-9186-0E0A9CCEA79C}"
EndProject
Project("{9A19103F-16F7-4668-BE54-9A1E7A4F7556}") = "Tyuiu.BerestenDS.Sprint3.Task2.V16", "Tyuiu.BerestenDS.Sprint3.Task2.V16\Tyuiu.BerestenDS.Sprint3.Task2.V16.csproj", "{8BD0A687-E861-4ACA-A11E-AABAFD0736CD}"
EndProject
Project("{9A19103F-16F7-4668-BE54-9A1E7A4F7556}") = "Tyuiu.BerestenDS.Sprint3.Task2.V16.Lib", "Tyuiu.BerestenDS.Sprint3.Task2.V16.Lib\Tyuiu.BerestenDS.Sprint3.Task2.V16.Lib.csproj", "{71CF6D35-E543-4F7D-A930-0EAA81B386BF}"
EndProject
Project("{9A19103F-16F7-4668-BE54-9A1E7A4F7556}") = "Tyuiu.BerestenDS.Sprint3.Task2.V16.Test", "Tyuiu.BerestenDS.Sprint3.Task2.V16.Test\Tyuiu.BerestenDS.Sprint3.Task2.V16.Test.csproj", "{7B780CF5-A782-41F5-B483-142C62F31089}"
EndProject
Project("{2150E333-8FDC-42A3-9474-1A3956D46DE8}") = "Task3", "Task3", "{EB90B842-D03E-4A33-B94C-C10B08B17155}"
EndProject
Project("{9A19103F-16F7-4668-BE54-9A1E7A4F7556}") = "Tyuiu.BerestenDS.Sprint3.Task3.V25", "Tyuiu.BerestenDS.Sprint3.Task3.V25\Tyuiu.BerestenDS.Sprint3.Task3.V25.csproj", "{968709AE-60A3-4D11-8481-1B2B75D6105E}"
EndProject
Project("{9A19103F-16F7-4668-BE54-9A1E7A4F7556}") = "Tyuiu.BerestenDS.Sprint3.Task3.V25.Lib", "Tyuiu.BerestenDS.Sprint3.Task3.V25.Lib\Tyuiu.BerestenDS.Sprint3.Task3.V25.Lib.csproj", "{AEB56DE7-0602-4280-BEC3-07230A456258}"
EndProject
Project("{9A19103F-16F7-4668-BE54-9A1E7A4F7556}") = "Tyuiu.BerestenDS.Sprint3.Task3.V25.Test", "Tyuiu.BerestenDS.Sprint3.Task3.V25.Test\Tyuiu.BerestenDS.Sprint3.Task3.V25.Test.csproj", "{F53040AD-9297-44E1-AB2C-947884D8502A}"
EndProject
Project("{2150E333-8FDC-42A3-9474-1A3956D46DE8}") = "Task4", "Task4", "{E2373D5E-E807-4052-8C06-BDF49521ED83}"
EndProject
Project("{FAE04EC0-301F-11D3-BF4B-00C04F79EFBC}") = "Tyuiu.BerestenDS.Sprint3.Task4.V1", "Tyuiu.BerestenDS.Sprint3.Task4.V1\Tyuiu.BerestenDS.Sprint3.Task4.V1.csproj", "{8F17696F-5FF6-4101-9DFD-DD2835A94FB6}"
EndProject
Project("{FAE04EC0-301F-11D3-BF4B-00C04F79EFBC}") = "Tyuiu.BerestenDS.Sprint3.Task4.V1.Lib", "Tyuiu.BerestenDS.Sprint3.Task4.V1.Lib\Tyuiu.BerestenDS.Sprint3.Task4.V1.Lib.csproj", "{A817503C-3179-420E-BAFE-6F4F0170083F}"
EndProject
Project("{FAE04EC0-301F-11D3-BF4B-00C04F79EFBC}") = "Tyuiu.BerestenDS.Sprint3.Task4.V1.Test", "Tyuiu.BerestenDS.Sprint3.Task4.V1.Test\Tyuiu.BerestenDS.Sprint3.Task4.V1.Test.csproj", "{A5D7F743-8B51-4239-9805-9D5222A7C866}"
EndProject
Global
	GlobalSection(SolutionConfigurationPlatforms) = preSolution
		Debug|Any CPU = Debug|Any CPU
		Release|Any CPU = Release|Any CPU
	EndGlobalSection
	GlobalSection(ProjectConfigurationPlatforms) = postSolution
		{485E7952-4931-462C-892F-9F7E4B2A94FF}.Debug|Any CPU.ActiveCfg = Debug|Any CPU
		{485E7952-4931-462C-892F-9F7E4B2A94FF}.Debug|Any CPU.Build.0 = Debug|Any CPU
		{485E7952-4931-462C-892F-9F7E4B2A94FF}.Release|Any CPU.ActiveCfg = Release|Any CPU
		{485E7952-4931-462C-892F-9F7E4B2A94FF}.Release|Any CPU.Build.0 = Release|Any CPU
		{2173ACF3-5C45-4CA0-A415-1672A4BC4297}.Debug|Any CPU.ActiveCfg = Debug|Any CPU
		{2173ACF3-5C45-4CA0-A415-1672A4BC4297}.Debug|Any CPU.Build.0 = Debug|Any CPU
		{2173ACF3-5C45-4CA0-A415-1672A4BC4297}.Release|Any CPU.ActiveCfg = Release|Any CPU
		{2173ACF3-5C45-4CA0-A415-1672A4BC4297}.Release|Any CPU.Build.0 = Release|Any CPU
		{5F1ADDB8-D3B2-4F3E-B050-5BC77B3CA313}.Debug|Any CPU.ActiveCfg = Debug|Any CPU
		{5F1ADDB8-D3B2-4F3E-B050-5BC77B3CA313}.Debug|Any CPU.Build.0 = Debug|Any CPU
		{5F1ADDB8-D3B2-4F3E-B050-5BC77B3CA313}.Release|Any CPU.ActiveCfg = Release|Any CPU
		{5F1ADDB8-D3B2-4F3E-B050-5BC77B3CA313}.Release|Any CPU.Build.0 = Release|Any CPU
		{D1C815F4-3EB3-446C-8379-1EE687FACD51}.Debug|Any CPU.ActiveCfg = Debug|Any CPU
		{D1C815F4-3EB3-446C-8379-1EE687FACD51}.Debug|Any CPU.Build.0 = Debug|Any CPU
		{D1C815F4-3EB3-446C-8379-1EE687FACD51}.Release|Any CPU.ActiveCfg = Release|Any CPU
		{D1C815F4-3EB3-446C-8379-1EE687FACD51}.Release|Any CPU.Build.0 = Release|Any CPU
		{CF79EE3A-E300-4C2E-8415-5997B05C8923}.Debug|Any CPU.ActiveCfg = Debug|Any CPU
		{CF79EE3A-E300-4C2E-8415-5997B05C8923}.Debug|Any CPU.Build.0 = Debug|Any CPU
		{CF79EE3A-E300-4C2E-8415-5997B05C8923}.Release|Any CPU.ActiveCfg = Release|Any CPU
		{CF79EE3A-E300-4C2E-8415-5997B05C8923}.Release|Any CPU.Build.0 = Release|Any CPU
		{CE4D1AC6-3995-48B3-98D1-C3032666FA6C}.Debug|Any CPU.ActiveCfg = Debug|Any CPU
		{CE4D1AC6-3995-48B3-98D1-C3032666FA6C}.Debug|Any CPU.Build.0 = Debug|Any CPU
		{CE4D1AC6-3995-48B3-98D1-C3032666FA6C}.Release|Any CPU.ActiveCfg = Release|Any CPU
		{CE4D1AC6-3995-48B3-98D1-C3032666FA6C}.Release|Any CPU.Build.0 = Release|Any CPU
		{8BD0A687-E861-4ACA-A11E-AABAFD0736CD}.Debug|Any CPU.ActiveCfg = Debug|Any CPU
		{8BD0A687-E861-4ACA-A11E-AABAFD0736CD}.Debug|Any CPU.Build.0 = Debug|Any CPU
		{8BD0A687-E861-4ACA-A11E-AABAFD0736CD}.Release|Any CPU.ActiveCfg = Release|Any CPU
		{8BD0A687-E861-4ACA-A11E-AABAFD0736CD}.Release|Any CPU.Build.0 = Release|Any CPU
		{71CF6D35-E543-4F7D-A930-0EAA81B386BF}.Debug|Any CPU.ActiveCfg = Debug|Any CPU
		{71CF6D35-E543-4F7D-A930-0EAA81B386BF}.Debug|Any CPU.Build.0 = Debug|Any CPU
		{71CF6D35-E543-4F7D-A930-0EAA81B386BF}.Release|Any CPU.ActiveCfg = Release|Any CPU
		{71CF6D35-E543-4F7D-A930-0EAA81B386BF}.Release|Any CPU.Build.0 = Release|Any CPU
		{7B780CF5-A782-41F5-B483-142C62F31089}.Debug|Any CPU.ActiveCfg = Debug|Any CPU
		{7B780CF5-A782-41F5-B483-142C62F31089}.Debug|Any CPU.Build.0 = Debug|Any CPU
		{7B780CF5-A782-41F5-B483-142C62F31089}.Release|Any CPU.ActiveCfg = Release|Any CPU
		{7B780CF5-A782-41F5-B483-142C62F31089}.Release|Any CPU.Build.0 = Release|Any CPU
		{968709AE-60A3-4D11-8481-1B2B75D6105E}.Debug|Any CPU.ActiveCfg = Debug|Any CPU
		{968709AE-60A3-4D11-8481-1B2B75D6105E}.Debug|Any CPU.Build.0 = Debug|Any CPU
		{968709AE-60A3-4D11-8481-1B2B75D6105E}.Release|Any CPU.ActiveCfg = Release|Any CPU
		{968709AE-60A3-4D11-8481-1B2B75D6105E}.Release|Any CPU.Build.0 = Release|Any CPU
		{AEB56DE7-0602-4280-BEC3-07230A456258}.Debug|Any CPU.ActiveCfg = Debug|Any CPU
		{AEB56DE7-0602-4280-BEC3-07230A456258}.Debug|Any CPU.Build.0 = Debug|Any CPU
		{AEB56DE7-0602-4280-BEC3-07230A456258}.Release|Any CPU.ActiveCfg = Release|Any CPU
		{AEB56DE7-0602-4280-BEC3-07230A456258}.Release|Any CPU.Build.0 = Release|Any CPU
		{F53040AD-9297-44E1-AB2C-947884D8502A}.Debug|Any CPU.ActiveCfg = Debug|Any CPU
		{F53040AD-9297-44E1-AB2C-947884D8502A}.Debug|Any CPU.Build.0 = Debug|Any CPU
		{F53040AD-9297-44E1-AB2C-947884D8502A}.Release|Any CPU.ActiveCfg = Release|Any CPU
		{F53040AD-9297-44E1-AB2C-947884D8502A}.Release|Any CPU.Build.0 = Release|Any CPU
		{8F17696F-5FF6-4101-9DFD-DD2835A94FB6}.Debug|Any CPU.ActiveCfg = Debug|Any CPU
		{8F17696F-5FF6-4101-9DFD-DD2835A94FB6}.Debug|Any CPU.Build.0 = Debug|Any CPU
		{8F17696F-5FF6-4101-9DFD-DD2835A94FB6}.Release|Any CPU.ActiveCfg = Release|Any CPU
		{8F17696F-5FF6-4101-9DFD-DD2835A94FB6}.Release|Any CPU.Build.0 = Release|Any CPU
		{A817503C-3179-420E-BAFE-6F4F0170083F}.Debug|Any CPU.ActiveCfg = Debug|Any CPU
		{A817503C-3179-420E-BAFE-6F4F0170083F}.Debug|Any CPU.Build.0 = Debug|Any CPU
		{A817503C-3179-420E-BAFE-6F4F0170083F}.Release|Any CPU.ActiveCfg = Release|Any CPU
		{A817503C-3179-420E-BAFE-6F4F0170083F}.Release|Any CPU.Build.0 = Release|Any CPU
		{A5D7F743-8B51-4239-9805-9D5222A7C866}.Debug|Any CPU.ActiveCfg = Debug|Any CPU
		{A5D7F743-8B51-4239-9805-9D5222A7C866}.Debug|Any CPU.Build.0 = Debug|Any CPU
		{A5D7F743-8B51-4239-9805-9D5222A7C866}.Release|Any CPU.ActiveCfg = Release|Any CPU
		{A5D7F743-8B51-4239-9805-9D5222A7C866}.Release|Any CPU.Build.0 = Release|Any CPU
	EndGlobalSection
	GlobalSection(SolutionProperties) = preSolution
		HideSolutionNode = FALSE
	EndGlobalSection
	GlobalSection(NestedProjects) = preSolution
		{485E7952-4931-462C-892F-9F7E4B2A94FF} = {1DEBF4CD-7E7C-43A8-B2EA-AF8E88020B5C}
		{2173ACF3-5C45-4CA0-A415-1672A4BC4297} = {1DEBF4CD-7E7C-43A8-B2EA-AF8E88020B5C}
		{5F1ADDB8-D3B2-4F3E-B050-5BC77B3CA313} = {1DEBF4CD-7E7C-43A8-B2EA-AF8E88020B5C}
		{D1C815F4-3EB3-446C-8379-1EE687FACD51} = {E070AD1A-D628-450A-8C83-A3765CA75368}
		{CF79EE3A-E300-4C2E-8415-5997B05C8923} = {E070AD1A-D628-450A-8C83-A3765CA75368}
		{CE4D1AC6-3995-48B3-98D1-C3032666FA6C} = {E070AD1A-D628-450A-8C83-A3765CA75368}
		{8BD0A687-E861-4ACA-A11E-AABAFD0736CD} = {EAA52AC9-225E-44F9-9186-0E0A9CCEA79C}
		{71CF6D35-E543-4F7D-A930-0EAA81B386BF} = {EAA52AC9-225E-44F9-9186-0E0A9CCEA79C}
		{7B780CF5-A782-41F5-B483-142C62F31089} = {EAA52AC9-225E-44F9-9186-0E0A9CCEA79C}
		{968709AE-60A3-4D11-8481-1B2B75D6105E} = {EB90B842-D03E-4A33-B94C-C10B08B17155}
		{AEB56DE7-0602-4280-BEC3-07230A456258} = {EB90B842-D03E-4A33-B94C-C10B08B17155}
		{F53040AD-9297-44E1-AB2C-947884D8502A} = {EB90B842-D03E-4A33-B94C-C10B08B17155}
		{8F17696F-5FF6-4101-9DFD-DD2835A94FB6} = {E2373D5E-E807-4052-8C06-BDF49521ED83}
		{A817503C-3179-420E-BAFE-6F4F0170083F} = {E2373D5E-E807-4052-8C06-BDF49521ED83}
		{A5D7F743-8B51-4239-9805-9D5222A7C866} = {E2373D5E-E807-4052-8C06-BDF49521ED83}
	EndGlobalSection
	GlobalSection(ExtensibilityGlobals) = postSolution
		SolutionGuid = {C079D909-2633-4FDF-AFF5-5134F9E7A315}
	EndGlobalSection
EndGlobal
